PODS:
  - Alamofire (4.9.0)
  - HandyJSON (5.0.0)
  - RxSwift (5.0.0)
  - SnapKit (5.0.1)

DEPENDENCIES:
  - Alamofire
  - HandyJSON
  - RxSwift
  - SnapKit

SPEC REPOS:
  https://github.com/cocoapods/specs.git:
    - Alamofire
    - HandyJSON
    - RxSwift
    - SnapKit

SPEC CHECKSUMS:
  Alamofire: afc3e7c6db61476cb45cdd23fed06bad03bbc321
  HandyJSON: 992f2d661716d6a91de82d0056927bc7813b5770
  RxSwift: 8b0671caa829a763bbce7271095859121cbd895f
  SnapKit: 97b92857e3df3a0c71833cce143274bf6ef8e5eb

PODFILE CHECKSUM: ec03ede57115de6fc072fef4076c8f2c49c97e22

COCOAPODS: 1.6.1
