// !$*UTF8*$!
{
	archiveVersion = 1;
	classes = {
	};
	objectVersion = 50;
	objects = {

/* Begin PBXBuildFile section */
		50BF108FD2DB1D521036794E /* Pods_SwiftTestDemo.framework in Frameworks */ = {isa = PBXBuildFile; fileRef = ADE486FD98094B8D51B7B575 /* Pods_SwiftTestDemo.framework */; };
		9C09961006286F0E33868F1E /* Pods_SwiftTestDemoTests.framework in Frameworks */ = {isa = PBXBuildFile; fileRef = C48F05B61B40D6CEF33E35BE /* Pods_SwiftTestDemoTests.framework */; };
		D7018C242313DFEF0042D542 /* OZOneAbumViewController.swift in Sources */ = {isa = PBXBuildFile; fileRef = D7018C232313DFEF0042D542 /* OZOneAbumViewController.swift */; };
		D7018C262313E0B70042D542 /* OzoneImageCollectionViewCell.swift in Sources */ = {isa = PBXBuildFile; fileRef = D7018C252313E0B70042D542 /* OzoneImageCollectionViewCell.swift */; };
		D7072D31231F95B60060D45B /* Person.swift in Sources */ = {isa = PBXBuildFile; fileRef = D7072D30231F95B50060D45B /* Person.swift */; };
		D7072D34231FAD2C0060D45B /* RuntimeViewController.swift in Sources */ = {isa = PBXBuildFile; fileRef = D7072D32231FAD2C0060D45B /* RuntimeViewController.swift */; };
		D7072D35231FAD2C0060D45B /* RuntimeViewController.xib in Resources */ = {isa = PBXBuildFile; fileRef = D7072D33231FAD2C0060D45B /* RuntimeViewController.xib */; };
		D7072D37231FAF230060D45B /* OZoneNetworkWork.swift in Sources */ = {isa = PBXBuildFile; fileRef = D7072D36231FAF230060D45B /* OZoneNetworkWork.swift */; };
		D70E7801231DFF9100230DEF /* OZoneNetworkConfig.swift in Sources */ = {isa = PBXBuildFile; fileRef = D70E7800231DFF9100230DEF /* OZoneNetworkConfig.swift */; };
		D70E7803231E00BC00230DEF /* OzoneTestAddress.swift in Sources */ = {isa = PBXBuildFile; fileRef = D70E7802231E00BC00230DEF /* OzoneTestAddress.swift */; };
		D70E7805231E08C300230DEF /* OzoneConversion.swift in Sources */ = {isa = PBXBuildFile; fileRef = D70E7804231E08C300230DEF /* OzoneConversion.swift */; };
		D70E7807231E08E100230DEF /* ListModel.swift in Sources */ = {isa = PBXBuildFile; fileRef = D70E7806231E08E100230DEF /* ListModel.swift */; };
		D70F1335230FEC0900C4F3BF /* OZoneSouceRuter.swift in Sources */ = {isa = PBXBuildFile; fileRef = D70F1334230FEC0900C4F3BF /* OZoneSouceRuter.swift */; };
		D70F133F230FED3F00C4F3BF /* image_picker_send_light@2x.png in Resources */ = {isa = PBXBuildFile; fileRef = D70F1339230FED3F00C4F3BF /* image_picker_send_light@2x.png */; };
		D70F1340230FED3F00C4F3BF /* image_picker_ensure@2x.png in Resources */ = {isa = PBXBuildFile; fileRef = D70F133A230FED3F00C4F3BF /* image_picker_ensure@2x.png */; };
		D70F1341230FED3F00C4F3BF /* image_picker_preview@2x.png in Resources */ = {isa = PBXBuildFile; fileRef = D70F133B230FED3F00C4F3BF /* image_picker_preview@2x.png */; };
		D70F1342230FED3F00C4F3BF /* image_picker_ensure_light@2x.png in Resources */ = {isa = PBXBuildFile; fileRef = D70F133C230FED3F00C4F3BF /* image_picker_ensure_light@2x.png */; };
		D70F1343230FED3F00C4F3BF /* image_picker_send@2x.png in Resources */ = {isa = PBXBuildFile; fileRef = D70F133D230FED3F00C4F3BF /* image_picker_send@2x.png */; };
		D70F1344230FED3F00C4F3BF /* image_picker_preview_light@2x.png in Resources */ = {isa = PBXBuildFile; fileRef = D70F133E230FED3F00C4F3BF /* image_picker_preview_light@2x.png */; };
		D70F1347230FF61900C4F3BF /* AlbumDirectoryViewController.swift in Sources */ = {isa = PBXBuildFile; fileRef = D70F1345230FF61900C4F3BF /* AlbumDirectoryViewController.swift */; };
		D70F1348230FF61900C4F3BF /* AlbumDirectoryViewController.xib in Resources */ = {isa = PBXBuildFile; fileRef = D70F1346230FF61900C4F3BF /* AlbumDirectoryViewController.xib */; };
		D711397222A916D100C8640E /* PlayerMangerDefault.swift in Sources */ = {isa = PBXBuildFile; fileRef = D711397122A916D100C8640E /* PlayerMangerDefault.swift */; };
		D715AFF72320AC1D003E97DC /* OzoneNetworkError.swift in Sources */ = {isa = PBXBuildFile; fileRef = D715AFF62320AC1D003E97DC /* OzoneNetworkError.swift */; };
		D715C4F2231E79B400DDFC31 /* ic_booked_evening_normal@3x.png in Resources */ = {isa = PBXBuildFile; fileRef = D715C4EE231E79B400DDFC31 /* ic_booked_evening_normal@3x.png */; };
		D715C4F3231E79B400DDFC31 /* ic_booked_evening_select@3x.png in Resources */ = {isa = PBXBuildFile; fileRef = D715C4EF231E79B400DDFC31 /* ic_booked_evening_select@3x.png */; };
		D715C4F4231E79B400DDFC31 /* ic_booked_afternoon_normal@3x.png in Resources */ = {isa = PBXBuildFile; fileRef = D715C4F0231E79B400DDFC31 /* ic_booked_afternoon_normal@3x.png */; };
		D715C4F5231E79B400DDFC31 /* ic_booked_afternoon_select@3x.png in Resources */ = {isa = PBXBuildFile; fileRef = D715C4F1231E79B400DDFC31 /* ic_booked_afternoon_select@3x.png */; };
		D71621BA233B6D9B00D4C536 /* UniteViews.swift in Sources */ = {isa = PBXBuildFile; fileRef = D71621B7233B6D9A00D4C536 /* UniteViews.swift */; };
		D71621BB233B6D9B00D4C536 /* MyFlowLayout.swift in Sources */ = {isa = PBXBuildFile; fileRef = D71621B8233B6D9B00D4C536 /* MyFlowLayout.swift */; };
		D71621BC233B6D9B00D4C536 /* MyView.swift in Sources */ = {isa = PBXBuildFile; fileRef = D71621B9233B6D9B00D4C536 /* MyView.swift */; };
		D7167524231D2C1C00692347 /* NetWorkModelViewController.swift in Sources */ = {isa = PBXBuildFile; fileRef = D7167523231D2C1C00692347 /* NetWorkModelViewController.swift */; };
		D72A88CD231E4BE700D28C45 /* TimeSelectHelper.swift in Sources */ = {isa = PBXBuildFile; fileRef = D72A88CC231E4BE700D28C45 /* TimeSelectHelper.swift */; };
		D72A88CF231E4C0400D28C45 /* TimeDateSource.swift in Sources */ = {isa = PBXBuildFile; fileRef = D72A88CE231E4C0400D28C45 /* TimeDateSource.swift */; };
		D72A88D1231E4C2000D28C45 /* MainSelectViewController.swift in Sources */ = {isa = PBXBuildFile; fileRef = D72A88D0231E4C2000D28C45 /* MainSelectViewController.swift */; };
		D72A88D3231E4C4400D28C45 /* TopCollectionViewCell.swift in Sources */ = {isa = PBXBuildFile; fileRef = D72A88D2231E4C4400D28C45 /* TopCollectionViewCell.swift */; };
		D72A88D5231E4C9300D28C45 /* BootomCollectionViewCell.swift in Sources */ = {isa = PBXBuildFile; fileRef = D72A88D4231E4C9300D28C45 /* BootomCollectionViewCell.swift */; };
		D73AA57122A11D6C007974A2 /* AudioPlayTableViewController.swift in Sources */ = {isa = PBXBuildFile; fileRef = D73AA56F22A11D6C007974A2 /* AudioPlayTableViewController.swift */; };
		D73AA57222A11D6C007974A2 /* AudioPlayTableViewController.xib in Resources */ = {isa = PBXBuildFile; fileRef = D73AA57022A11D6C007974A2 /* AudioPlayTableViewController.xib */; };
		D73CE5BD23321FF8006A8CAF /* RxSwiftTestViewController.swift in Sources */ = {isa = PBXBuildFile; fileRef = D73CE5BC23321FF8006A8CAF /* RxSwiftTestViewController.swift */; };
		D747DEE92314C8B200117ECD /* ShowDetailAbumViewController.swift in Sources */ = {isa = PBXBuildFile; fileRef = D747DEE82314C8B200117ECD /* ShowDetailAbumViewController.swift */; };
		D748D958229D2E17003C2885 /* RandowObject.swift in Sources */ = {isa = PBXBuildFile; fileRef = D748D957229D2E17003C2885 /* RandowObject.swift */; };
		D749D9BC2329F13500010A1E /* AutionListModel.swift in Sources */ = {isa = PBXBuildFile; fileRef = D749D9BB2329F13500010A1E /* AutionListModel.swift */; };
		D74BFCFF22964391001CB749 /* AppDelegate.swift in Sources */ = {isa = PBXBuildFile; fileRef = D74BFCFE22964391001CB749 /* AppDelegate.swift */; };
		D74BFD0122964391001CB749 /* ViewController.swift in Sources */ = {isa = PBXBuildFile; fileRef = D74BFD0022964391001CB749 /* ViewController.swift */; };
		D74BFD0422964391001CB749 /* Main.storyboard in Resources */ = {isa = PBXBuildFile; fileRef = D74BFD0222964391001CB749 /* Main.storyboard */; };
		D74BFD0622964392001CB749 /* Assets.xcassets in Resources */ = {isa = PBXBuildFile; fileRef = D74BFD0522964392001CB749 /* Assets.xcassets */; };
		D74BFD0922964392001CB749 /* LaunchScreen.storyboard in Resources */ = {isa = PBXBuildFile; fileRef = D74BFD0722964392001CB749 /* LaunchScreen.storyboard */; };
		D74BFD1422964392001CB749 /* SwiftTestDemoTests.swift in Sources */ = {isa = PBXBuildFile; fileRef = D74BFD1322964392001CB749 /* SwiftTestDemoTests.swift */; };
		D74BFD33229649BF001CB749 /* FirstItemViewController.swift in Sources */ = {isa = PBXBuildFile; fileRef = D74BFD32229649BF001CB749 /* FirstItemViewController.swift */; };
		D74BFD35229649D4001CB749 /* SecondItemTableViewController.swift in Sources */ = {isa = PBXBuildFile; fileRef = D74BFD34229649D4001CB749 /* SecondItemTableViewController.swift */; };
		D74BFD4B22964D90001CB749 /* AnimatableSpriteLayer.swift in Sources */ = {isa = PBXBuildFile; fileRef = D74BFD4822964D90001CB749 /* AnimatableSpriteLayer.swift */; };
		D74BFD4C22964D90001CB749 /* ThanosGauntlet.swift in Sources */ = {isa = PBXBuildFile; fileRef = D74BFD4922964D90001CB749 /* ThanosGauntlet.swift */; };
		D74BFD4D22964D90001CB749 /* DustEffectView.swift in Sources */ = {isa = PBXBuildFile; fileRef = D74BFD4A22964D90001CB749 /* DustEffectView.swift */; };
		D74BFD4F22964DAB001CB749 /* ThanosSnapViewController.swift in Sources */ = {isa = PBXBuildFile; fileRef = D74BFD4E22964DAB001CB749 /* ThanosSnapViewController.swift */; };
		D74BFD58229650C3001CB749 /* thanos_dust_1.mp3 in Resources */ = {isa = PBXBuildFile; fileRef = D74BFD50229650C3001CB749 /* thanos_dust_1.mp3 */; };
		D74BFD59229650C3001CB749 /* thanos_dust_3.mp3 in Resources */ = {isa = PBXBuildFile; fileRef = D74BFD51229650C3001CB749 /* thanos_dust_3.mp3 */; };
		D74BFD5A229650C3001CB749 /* thanos_dust_4.mp3 in Resources */ = {isa = PBXBuildFile; fileRef = D74BFD52229650C3001CB749 /* thanos_dust_4.mp3 */; };
		D74BFD5B229650C3001CB749 /* thanos_reverse_sound.mp3 in Resources */ = {isa = PBXBuildFile; fileRef = D74BFD53229650C3001CB749 /* thanos_reverse_sound.mp3 */; };
		D74BFD5C229650C3001CB749 /* thanos_dust_2.mp3 in Resources */ = {isa = PBXBuildFile; fileRef = D74BFD54229650C3001CB749 /* thanos_dust_2.mp3 */; };
		D74BFD5D229650C3001CB749 /* thanos_snap_sound.mp3 in Resources */ = {isa = PBXBuildFile; fileRef = D74BFD55229650C3001CB749 /* thanos_snap_sound.mp3 */; };
		D74BFD5E229650C3001CB749 /* thanos_dust_5.mp3 in Resources */ = {isa = PBXBuildFile; fileRef = D74BFD56229650C3001CB749 /* thanos_dust_5.mp3 */; };
		D74BFD5F229650C3001CB749 /* thanos_dust_6.mp3 in Resources */ = {isa = PBXBuildFile; fileRef = D74BFD57229650C3001CB749 /* thanos_dust_6.mp3 */; };
		D74BFD63229651B6001CB749 /* AudioSpectrumViewController.swift in Sources */ = {isa = PBXBuildFile; fileRef = D74BFD61229651B6001CB749 /* AudioSpectrumViewController.swift */; };
		D74BFD64229651B6001CB749 /* AudioSpectrumViewController.xib in Resources */ = {isa = PBXBuildFile; fileRef = D74BFD62229651B6001CB749 /* AudioSpectrumViewController.xib */; };
		D74BFD692296524E001CB749 /* RealtimeAnalyzer.swift in Sources */ = {isa = PBXBuildFile; fileRef = D74BFD652296524E001CB749 /* RealtimeAnalyzer.swift */; };
		D74BFD6A2296524E001CB749 /* SpectrumView.swift in Sources */ = {isa = PBXBuildFile; fileRef = D74BFD662296524E001CB749 /* SpectrumView.swift */; };
		D74BFD6B2296524E001CB749 /* TrackCell.swift in Sources */ = {isa = PBXBuildFile; fileRef = D74BFD672296524E001CB749 /* TrackCell.swift */; };
		D74BFD6C2296524E001CB749 /* AudioSpectrumPlayer.swift in Sources */ = {isa = PBXBuildFile; fileRef = D74BFD682296524E001CB749 /* AudioSpectrumPlayer.swift */; };
		D74BFD6E22965323001CB749 /* TrackCell.xib in Resources */ = {isa = PBXBuildFile; fileRef = D74BFD6D22965323001CB749 /* TrackCell.xib */; };
		D74BFD70229654B2001CB749 /* Audio in Resources */ = {isa = PBXBuildFile; fileRef = D74BFD6F229654B2001CB749 /* Audio */; };
		D7838B8A2317ADDB00E5FEB8 /* ShowDetailCollectionViewCell.swift in Sources */ = {isa = PBXBuildFile; fileRef = D7838B892317ADDB00E5FEB8 /* ShowDetailCollectionViewCell.swift */; };
		D7838B8C2317C26200E5FEB8 /* OzoneItem.swift in Sources */ = {isa = PBXBuildFile; fileRef = D7838B8B2317C26200E5FEB8 /* OzoneItem.swift */; };
		D7A16E18232A38B50011B121 /* TestHandyJson.swift in Sources */ = {isa = PBXBuildFile; fileRef = D7A16E17232A38B50011B121 /* TestHandyJson.swift */; };
/* End PBXBuildFile section */

/* Begin PBXContainerItemProxy section */
		D74BFD1022964392001CB749 /* PBXContainerItemProxy */ = {
			isa = PBXContainerItemProxy;
			containerPortal = D74BFCF322964391001CB749 /* Project object */;
			proxyType = 1;
			remoteGlobalIDString = D74BFCFA22964391001CB749;
			remoteInfo = SwiftTestDemo;
		};
/* End PBXContainerItemProxy section */

/* Begin PBXFileReference section */
		0BDFFA5441DE08EA9CC696A8 /* Pods-SwiftTestDemoUITests.debug.xcconfig */ = {isa = PBXFileReference; includeInIndex = 1; lastKnownFileType = text.xcconfig; name = "Pods-SwiftTestDemoUITests.debug.xcconfig"; path = "Target Support Files/Pods-SwiftTestDemoUITests/Pods-SwiftTestDemoUITests.debug.xcconfig"; sourceTree = "<group>"; };
		3FA99D13EEFECB77F0E6D8A2 /* Pods-SwiftTestDemo.release.xcconfig */ = {isa = PBXFileReference; includeInIndex = 1; lastKnownFileType = text.xcconfig; name = "Pods-SwiftTestDemo.release.xcconfig"; path = "Target Support Files/Pods-SwiftTestDemo/Pods-SwiftTestDemo.release.xcconfig"; sourceTree = "<group>"; };
		51769CF225995BB3E4482E42 /* Pods_SwiftTestDemoUITests.framework */ = {isa = PBXFileReference; explicitFileType = wrapper.framework; includeInIndex = 0; path = Pods_SwiftTestDemoUITests.framework; sourceTree = BUILT_PRODUCTS_DIR; };
		56B6641E0924013A74E63513 /* Pods-SwiftTestDemoUITests.release.xcconfig */ = {isa = PBXFileReference; includeInIndex = 1; lastKnownFileType = text.xcconfig; name = "Pods-SwiftTestDemoUITests.release.xcconfig"; path = "Target Support Files/Pods-SwiftTestDemoUITests/Pods-SwiftTestDemoUITests.release.xcconfig"; sourceTree = "<group>"; };
		688ECC08F109DAC2FE63BD5F /* Pods-SwiftTestDemoTests.debug.xcconfig */ = {isa = PBXFileReference; includeInIndex = 1; lastKnownFileType = text.xcconfig; name = "Pods-SwiftTestDemoTests.debug.xcconfig"; path = "Target Support Files/Pods-SwiftTestDemoTests/Pods-SwiftTestDemoTests.debug.xcconfig"; sourceTree = "<group>"; };
		8EA3E71FDF9E57789A4AE4A9 /* Pods-SwiftTestDemoTests.release.xcconfig */ = {isa = PBXFileReference; includeInIndex = 1; lastKnownFileType = text.xcconfig; name = "Pods-SwiftTestDemoTests.release.xcconfig"; path = "Target Support Files/Pods-SwiftTestDemoTests/Pods-SwiftTestDemoTests.release.xcconfig"; sourceTree = "<group>"; };
		94A3A5797B231B34C40208D7 /* Pods-SwiftTestDemo.debug.xcconfig */ = {isa = PBXFileReference; includeInIndex = 1; lastKnownFileType = text.xcconfig; name = "Pods-SwiftTestDemo.debug.xcconfig"; path = "Target Support Files/Pods-SwiftTestDemo/Pods-SwiftTestDemo.debug.xcconfig"; sourceTree = "<group>"; };
		ADE486FD98094B8D51B7B575 /* Pods_SwiftTestDemo.framework */ = {isa = PBXFileReference; explicitFileType = wrapper.framework; includeInIndex = 0; path = Pods_SwiftTestDemo.framework; sourceTree = BUILT_PRODUCTS_DIR; };
		C48F05B61B40D6CEF33E35BE /* Pods_SwiftTestDemoTests.framework */ = {isa = PBXFileReference; explicitFileType = wrapper.framework; includeInIndex = 0; path = Pods_SwiftTestDemoTests.framework; sourceTree = BUILT_PRODUCTS_DIR; };
		D7018C232313DFEF0042D542 /* OZOneAbumViewController.swift */ = {isa = PBXFileReference; lastKnownFileType = sourcecode.swift; path = OZOneAbumViewController.swift; sourceTree = "<group>"; };
		D7018C252313E0B70042D542 /* OzoneImageCollectionViewCell.swift */ = {isa = PBXFileReference; lastKnownFileType = sourcecode.swift; path = OzoneImageCollectionViewCell.swift; sourceTree = "<group>"; };
		D7072D30231F95B50060D45B /* Person.swift */ = {isa = PBXFileReference; fileEncoding = 4; lastKnownFileType = sourcecode.swift; path = Person.swift; sourceTree = "<group>"; };
		D7072D32231FAD2C0060D45B /* RuntimeViewController.swift */ = {isa = PBXFileReference; lastKnownFileType = sourcecode.swift; path = RuntimeViewController.swift; sourceTree = "<group>"; };
		D7072D33231FAD2C0060D45B /* RuntimeViewController.xib */ = {isa = PBXFileReference; lastKnownFileType = file.xib; path = RuntimeViewController.xib; sourceTree = "<group>"; };
		D7072D36231FAF230060D45B /* OZoneNetworkWork.swift */ = {isa = PBXFileReference; lastKnownFileType = sourcecode.swift; path = OZoneNetworkWork.swift; sourceTree = "<group>"; };
		D70E7800231DFF9100230DEF /* OZoneNetworkConfig.swift */ = {isa = PBXFileReference; lastKnownFileType = sourcecode.swift; path = OZoneNetworkConfig.swift; sourceTree = "<group>"; };
		D70E7802231E00BC00230DEF /* OzoneTestAddress.swift */ = {isa = PBXFileReference; lastKnownFileType = sourcecode.swift; path = OzoneTestAddress.swift; sourceTree = "<group>"; };
		D70E7804231E08C300230DEF /* OzoneConversion.swift */ = {isa = PBXFileReference; lastKnownFileType = sourcecode.swift; path = OzoneConversion.swift; sourceTree = "<group>"; };
		D70E7806231E08E100230DEF /* ListModel.swift */ = {isa = PBXFileReference; lastKnownFileType = sourcecode.swift; path = ListModel.swift; sourceTree = "<group>"; };
		D70F1334230FEC0900C4F3BF /* OZoneSouceRuter.swift */ = {isa = PBXFileReference; lastKnownFileType = sourcecode.swift; path = OZoneSouceRuter.swift; sourceTree = "<group>"; };
		D70F1339230FED3F00C4F3BF /* image_picker_send_light@2x.png */ = {isa = PBXFileReference; lastKnownFileType = image.png; path = "image_picker_send_light@2x.png"; sourceTree = "<group>"; };
		D70F133A230FED3F00C4F3BF /* image_picker_ensure@2x.png */ = {isa = PBXFileReference; lastKnownFileType = image.png; path = "image_picker_ensure@2x.png"; sourceTree = "<group>"; };
		D70F133B230FED3F00C4F3BF /* image_picker_preview@2x.png */ = {isa = PBXFileReference; lastKnownFileType = image.png; path = "image_picker_preview@2x.png"; sourceTree = "<group>"; };
		D70F133C230FED3F00C4F3BF /* image_picker_ensure_light@2x.png */ = {isa = PBXFileReference; lastKnownFileType = image.png; path = "image_picker_ensure_light@2x.png"; sourceTree = "<group>"; };
		D70F133D230FED3F00C4F3BF /* image_picker_send@2x.png */ = {isa = PBXFileReference; lastKnownFileType = image.png; path = "image_picker_send@2x.png"; sourceTree = "<group>"; };
		D70F133E230FED3F00C4F3BF /* image_picker_preview_light@2x.png */ = {isa = PBXFileReference; lastKnownFileType = image.png; path = "image_picker_preview_light@2x.png"; sourceTree = "<group>"; };
		D70F1345230FF61900C4F3BF /* AlbumDirectoryViewController.swift */ = {isa = PBXFileReference; lastKnownFileType = sourcecode.swift; path = AlbumDirectoryViewController.swift; sourceTree = "<group>"; };
		D70F1346230FF61900C4F3BF /* AlbumDirectoryViewController.xib */ = {isa = PBXFileReference; lastKnownFileType = file.xib; path = AlbumDirectoryViewController.xib; sourceTree = "<group>"; };
		D711397122A916D100C8640E /* PlayerMangerDefault.swift */ = {isa = PBXFileReference; lastKnownFileType = sourcecode.swift; path = PlayerMangerDefault.swift; sourceTree = "<group>"; };
		D715AFF62320AC1D003E97DC /* OzoneNetworkError.swift */ = {isa = PBXFileReference; lastKnownFileType = sourcecode.swift; path = OzoneNetworkError.swift; sourceTree = "<group>"; };
		D715C4EE231E79B400DDFC31 /* ic_booked_evening_normal@3x.png */ = {isa = PBXFileReference; lastKnownFileType = image.png; path = "ic_booked_evening_normal@3x.png"; sourceTree = "<group>"; };
		D715C4EF231E79B400DDFC31 /* ic_booked_evening_select@3x.png */ = {isa = PBXFileReference; lastKnownFileType = image.png; path = "ic_booked_evening_select@3x.png"; sourceTree = "<group>"; };
		D715C4F0231E79B400DDFC31 /* ic_booked_afternoon_normal@3x.png */ = {isa = PBXFileReference; lastKnownFileType = image.png; path = "ic_booked_afternoon_normal@3x.png"; sourceTree = "<group>"; };
		D715C4F1231E79B400DDFC31 /* ic_booked_afternoon_select@3x.png */ = {isa = PBXFileReference; lastKnownFileType = image.png; path = "ic_booked_afternoon_select@3x.png"; sourceTree = "<group>"; };
		D71621B7233B6D9A00D4C536 /* UniteViews.swift */ = {isa = PBXFileReference; fileEncoding = 4; lastKnownFileType = sourcecode.swift; path = UniteViews.swift; sourceTree = "<group>"; };
		D71621B8233B6D9B00D4C536 /* MyFlowLayout.swift */ = {isa = PBXFileReference; fileEncoding = 4; lastKnownFileType = sourcecode.swift; path = MyFlowLayout.swift; sourceTree = "<group>"; };
		D71621B9233B6D9B00D4C536 /* MyView.swift */ = {isa = PBXFileReference; fileEncoding = 4; lastKnownFileType = sourcecode.swift; path = MyView.swift; sourceTree = "<group>"; };
		D7167523231D2C1C00692347 /* NetWorkModelViewController.swift */ = {isa = PBXFileReference; lastKnownFileType = sourcecode.swift; path = NetWorkModelViewController.swift; sourceTree = "<group>"; };
		D72A88CC231E4BE700D28C45 /* TimeSelectHelper.swift */ = {isa = PBXFileReference; lastKnownFileType = sourcecode.swift; path = TimeSelectHelper.swift; sourceTree = "<group>"; };
		D72A88CE231E4C0400D28C45 /* TimeDateSource.swift */ = {isa = PBXFileReference; lastKnownFileType = sourcecode.swift; path = TimeDateSource.swift; sourceTree = "<group>"; };
		D72A88D0231E4C2000D28C45 /* MainSelectViewController.swift */ = {isa = PBXFileReference; lastKnownFileType = sourcecode.swift; path = MainSelectViewController.swift; sourceTree = "<group>"; };
		D72A88D2231E4C4400D28C45 /* TopCollectionViewCell.swift */ = {isa = PBXFileReference; lastKnownFileType = sourcecode.swift; path = TopCollectionViewCell.swift; sourceTree = "<group>"; };
		D72A88D4231E4C9300D28C45 /* BootomCollectionViewCell.swift */ = {isa = PBXFileReference; lastKnownFileType = sourcecode.swift; path = BootomCollectionViewCell.swift; sourceTree = "<group>"; };
		D73AA56F22A11D6C007974A2 /* AudioPlayTableViewController.swift */ = {isa = PBXFileReference; lastKnownFileType = sourcecode.swift; path = AudioPlayTableViewController.swift; sourceTree = "<group>"; };
		D73AA57022A11D6C007974A2 /* AudioPlayTableViewController.xib */ = {isa = PBXFileReference; lastKnownFileType = file.xib; path = AudioPlayTableViewController.xib; sourceTree = "<group>"; };
		D73CE5BC23321FF8006A8CAF /* RxSwiftTestViewController.swift */ = {isa = PBXFileReference; lastKnownFileType = sourcecode.swift; path = RxSwiftTestViewController.swift; sourceTree = "<group>"; };
		D747DEE82314C8B200117ECD /* ShowDetailAbumViewController.swift */ = {isa = PBXFileReference; lastKnownFileType = sourcecode.swift; path = ShowDetailAbumViewController.swift; sourceTree = "<group>"; };
		D748D957229D2E17003C2885 /* RandowObject.swift */ = {isa = PBXFileReference; lastKnownFileType = sourcecode.swift; path = RandowObject.swift; sourceTree = "<group>"; };
		D749D9BB2329F13500010A1E /* AutionListModel.swift */ = {isa = PBXFileReference; lastKnownFileType = sourcecode.swift; path = AutionListModel.swift; sourceTree = "<group>"; };
		D74BFCFB22964391001CB749 /* SwiftTestDemo.app */ = {isa = PBXFileReference; explicitFileType = wrapper.application; includeInIndex = 0; path = SwiftTestDemo.app; sourceTree = BUILT_PRODUCTS_DIR; };
		D74BFCFE22964391001CB749 /* AppDelegate.swift */ = {isa = PBXFileReference; lastKnownFileType = sourcecode.swift; path = AppDelegate.swift; sourceTree = "<group>"; };
		D74BFD0022964391001CB749 /* ViewController.swift */ = {isa = PBXFileReference; lastKnownFileType = sourcecode.swift; path = ViewController.swift; sourceTree = "<group>"; };
		D74BFD0322964391001CB749 /* Base */ = {isa = PBXFileReference; lastKnownFileType = file.storyboard; name = Base; path = Base.lproj/Main.storyboard; sourceTree = "<group>"; };
		D74BFD0522964392001CB749 /* Assets.xcassets */ = {isa = PBXFileReference; lastKnownFileType = folder.assetcatalog; path = Assets.xcassets; sourceTree = "<group>"; };
		D74BFD0822964392001CB749 /* Base */ = {isa = PBXFileReference; lastKnownFileType = file.storyboard; name = Base; path = Base.lproj/LaunchScreen.storyboard; sourceTree = "<group>"; };
		D74BFD0A22964392001CB749 /* Info.plist */ = {isa = PBXFileReference; lastKnownFileType = text.plist.xml; path = Info.plist; sourceTree = "<group>"; };
		D74BFD0F22964392001CB749 /* SwiftTestDemoTests.xctest */ = {isa = PBXFileReference; explicitFileType = wrapper.cfbundle; includeInIndex = 0; path = SwiftTestDemoTests.xctest; sourceTree = BUILT_PRODUCTS_DIR; };
		D74BFD1322964392001CB749 /* SwiftTestDemoTests.swift */ = {isa = PBXFileReference; lastKnownFileType = sourcecode.swift; path = SwiftTestDemoTests.swift; sourceTree = "<group>"; };
		D74BFD1522964392001CB749 /* Info.plist */ = {isa = PBXFileReference; lastKnownFileType = text.plist.xml; path = Info.plist; sourceTree = "<group>"; };
		D74BFD32229649BF001CB749 /* FirstItemViewController.swift */ = {isa = PBXFileReference; lastKnownFileType = sourcecode.swift; path = FirstItemViewController.swift; sourceTree = "<group>"; };
		D74BFD34229649D4001CB749 /* SecondItemTableViewController.swift */ = {isa = PBXFileReference; lastKnownFileType = sourcecode.swift; path = SecondItemTableViewController.swift; sourceTree = "<group>"; };
		D74BFD4822964D90001CB749 /* AnimatableSpriteLayer.swift */ = {isa = PBXFileReference; fileEncoding = 4; lastKnownFileType = sourcecode.swift; path = AnimatableSpriteLayer.swift; sourceTree = "<group>"; };
		D74BFD4922964D90001CB749 /* ThanosGauntlet.swift */ = {isa = PBXFileReference; fileEncoding = 4; lastKnownFileType = sourcecode.swift; path = ThanosGauntlet.swift; sourceTree = "<group>"; };
		D74BFD4A22964D90001CB749 /* DustEffectView.swift */ = {isa = PBXFileReference; fileEncoding = 4; lastKnownFileType = sourcecode.swift; path = DustEffectView.swift; sourceTree = "<group>"; };
		D74BFD4E22964DAB001CB749 /* ThanosSnapViewController.swift */ = {isa = PBXFileReference; lastKnownFileType = sourcecode.swift; path = ThanosSnapViewController.swift; sourceTree = "<group>"; };
		D74BFD50229650C3001CB749 /* thanos_dust_1.mp3 */ = {isa = PBXFileReference; lastKnownFileType = audio.mp3; path = thanos_dust_1.mp3; sourceTree = "<group>"; };
		D74BFD51229650C3001CB749 /* thanos_dust_3.mp3 */ = {isa = PBXFileReference; lastKnownFileType = audio.mp3; path = thanos_dust_3.mp3; sourceTree = "<group>"; };
		D74BFD52229650C3001CB749 /* thanos_dust_4.mp3 */ = {isa = PBXFileReference; lastKnownFileType = audio.mp3; path = thanos_dust_4.mp3; sourceTree = "<group>"; };
		D74BFD53229650C3001CB749 /* thanos_reverse_sound.mp3 */ = {isa = PBXFileReference; lastKnownFileType = audio.mp3; path = thanos_reverse_sound.mp3; sourceTree = "<group>"; };
		D74BFD54229650C3001CB749 /* thanos_dust_2.mp3 */ = {isa = PBXFileReference; lastKnownFileType = audio.mp3; path = thanos_dust_2.mp3; sourceTree = "<group>"; };
		D74BFD55229650C3001CB749 /* thanos_snap_sound.mp3 */ = {isa = PBXFileReference; lastKnownFileType = audio.mp3; path = thanos_snap_sound.mp3; sourceTree = "<group>"; };
		D74BFD56229650C3001CB749 /* thanos_dust_5.mp3 */ = {isa = PBXFileReference; lastKnownFileType = audio.mp3; path = thanos_dust_5.mp3; sourceTree = "<group>"; };
		D74BFD57229650C3001CB749 /* thanos_dust_6.mp3 */ = {isa = PBXFileReference; lastKnownFileType = audio.mp3; path = thanos_dust_6.mp3; sourceTree = "<group>"; };
		D74BFD61229651B6001CB749 /* AudioSpectrumViewController.swift */ = {isa = PBXFileReference; lastKnownFileType = sourcecode.swift; path = AudioSpectrumViewController.swift; sourceTree = "<group>"; };
		D74BFD62229651B6001CB749 /* AudioSpectrumViewController.xib */ = {isa = PBXFileReference; lastKnownFileType = file.xib; path = AudioSpectrumViewController.xib; sourceTree = "<group>"; };
		D74BFD652296524E001CB749 /* RealtimeAnalyzer.swift */ = {isa = PBXFileReference; fileEncoding = 4; lastKnownFileType = sourcecode.swift; path = RealtimeAnalyzer.swift; sourceTree = "<group>"; };
		D74BFD662296524E001CB749 /* SpectrumView.swift */ = {isa = PBXFileReference; fileEncoding = 4; lastKnownFileType = sourcecode.swift; path = SpectrumView.swift; sourceTree = "<group>"; };
		D74BFD672296524E001CB749 /* TrackCell.swift */ = {isa = PBXFileReference; fileEncoding = 4; lastKnownFileType = sourcecode.swift; path = TrackCell.swift; sourceTree = "<group>"; };
		D74BFD682296524E001CB749 /* AudioSpectrumPlayer.swift */ = {isa = PBXFileReference; fileEncoding = 4; lastKnownFileType = sourcecode.swift; path = AudioSpectrumPlayer.swift; sourceTree = "<group>"; };
		D74BFD6D22965323001CB749 /* TrackCell.xib */ = {isa = PBXFileReference; lastKnownFileType = file.xib; path = TrackCell.xib; sourceTree = "<group>"; };
		D74BFD6F229654B2001CB749 /* Audio */ = {isa = PBXFileReference; lastKnownFileType = folder; path = Audio; sourceTree = "<group>"; };
		D7838B892317ADDB00E5FEB8 /* ShowDetailCollectionViewCell.swift */ = {isa = PBXFileReference; lastKnownFileType = sourcecode.swift; path = ShowDetailCollectionViewCell.swift; sourceTree = "<group>"; };
		D7838B8B2317C26200E5FEB8 /* OzoneItem.swift */ = {isa = PBXFileReference; lastKnownFileType = sourcecode.swift; path = OzoneItem.swift; sourceTree = "<group>"; };
		D7A16E17232A38B50011B121 /* TestHandyJson.swift */ = {isa = PBXFileReference; lastKnownFileType = sourcecode.swift; path = TestHandyJson.swift; sourceTree = "<group>"; };
/* End PBXFileReference section */

/* Begin PBXFrameworksBuildPhase section */
		D74BFCF822964391001CB749 /* Frameworks */ = {
			isa = PBXFrameworksBuildPhase;
			buildActionMask = 2147483647;
			files = (
				50BF108FD2DB1D521036794E /* Pods_SwiftTestDemo.framework in Frameworks */,
			);
			runOnlyForDeploymentPostprocessing = 0;
		};
		D74BFD0C22964392001CB749 /* Frameworks */ = {
			isa = PBXFrameworksBuildPhase;
			buildActionMask = 2147483647;
			files = (
				9C09961006286F0E33868F1E /* Pods_SwiftTestDemoTests.framework in Frameworks */,
			);
			runOnlyForDeploymentPostprocessing = 0;
		};
/* End PBXFrameworksBuildPhase section */

/* Begin PBXGroup section */
		A92A985CD931B131C013ABF8 /* Frameworks */ = {
			isa = PBXGroup;
			children = (
				ADE486FD98094B8D51B7B575 /* Pods_SwiftTestDemo.framework */,
				C48F05B61B40D6CEF33E35BE /* Pods_SwiftTestDemoTests.framework */,
				51769CF225995BB3E4482E42 /* Pods_SwiftTestDemoUITests.framework */,
			);
			name = Frameworks;
			sourceTree = "<group>";
		};
		BA6DAA6A1A2CC1895048528D /* Pods */ = {
			isa = PBXGroup;
			children = (
				94A3A5797B231B34C40208D7 /* Pods-SwiftTestDemo.debug.xcconfig */,
				3FA99D13EEFECB77F0E6D8A2 /* Pods-SwiftTestDemo.release.xcconfig */,
				688ECC08F109DAC2FE63BD5F /* Pods-SwiftTestDemoTests.debug.xcconfig */,
				8EA3E71FDF9E57789A4AE4A9 /* Pods-SwiftTestDemoTests.release.xcconfig */,
				0BDFFA5441DE08EA9CC696A8 /* Pods-SwiftTestDemoUITests.debug.xcconfig */,
				56B6641E0924013A74E63513 /* Pods-SwiftTestDemoUITests.release.xcconfig */,
			);
			path = Pods;
			sourceTree = "<group>";
		};
		D7072D2F231F95A90060D45B /* runtime */ = {
			isa = PBXGroup;
			children = (
				D7072D30231F95B50060D45B /* Person.swift */,
				D7072D32231FAD2C0060D45B /* RuntimeViewController.swift */,
				D7072D33231FAD2C0060D45B /* RuntimeViewController.xib */,
			);
			path = runtime;
			sourceTree = "<group>";
		};
		D70F1333230FEBA800C4F3BF /* PhotoAlbum */ = {
			isa = PBXGroup;
			children = (
				D70F1345230FF61900C4F3BF /* AlbumDirectoryViewController.swift */,
				D70F1346230FF61900C4F3BF /* AlbumDirectoryViewController.xib */,
				D70F1338230FED3F00C4F3BF /* images */,
				D7018C252313E0B70042D542 /* OzoneImageCollectionViewCell.swift */,
				D7018C232313DFEF0042D542 /* OZOneAbumViewController.swift */,
				D7838B8B2317C26200E5FEB8 /* OzoneItem.swift */,
				D70F1334230FEC0900C4F3BF /* OZoneSouceRuter.swift */,
				D747DEE82314C8B200117ECD /* ShowDetailAbumViewController.swift */,
				D7838B892317ADDB00E5FEB8 /* ShowDetailCollectionViewCell.swift */,
			);
			path = PhotoAlbum;
			sourceTree = "<group>";
		};
		D70F1338230FED3F00C4F3BF /* images */ = {
			isa = PBXGroup;
			children = (
				D70F1339230FED3F00C4F3BF /* image_picker_send_light@2x.png */,
				D70F133A230FED3F00C4F3BF /* image_picker_ensure@2x.png */,
				D70F133B230FED3F00C4F3BF /* image_picker_preview@2x.png */,
				D70F133C230FED3F00C4F3BF /* image_picker_ensure_light@2x.png */,
				D70F133D230FED3F00C4F3BF /* image_picker_send@2x.png */,
				D70F133E230FED3F00C4F3BF /* image_picker_preview_light@2x.png */,
			);
			path = images;
			sourceTree = "<group>";
		};
		D71621B6233B6D7A00D4C536 /* 瀑布流 */ = {
			isa = PBXGroup;
			children = (
				D71621B8233B6D9B00D4C536 /* MyFlowLayout.swift */,
				D71621B9233B6D9B00D4C536 /* MyView.swift */,
				D71621B7233B6D9A00D4C536 /* UniteViews.swift */,
			);
			path = "瀑布流";
			sourceTree = "<group>";
		};
		D7167521231D2ADD00692347 /* OZAlertViewController */ = {
			isa = PBXGroup;
			children = (
			);
			path = OZAlertViewController;
			sourceTree = "<group>";
		};
		D7167522231D2BF300692347 /* NetWork */ = {
			isa = PBXGroup;
			children = (
				D7167526231D2C2C00692347 /* Others */,
				D7167525231D2C2000692347 /* NetWork */,
				D7167523231D2C1C00692347 /* NetWorkModelViewController.swift */,
			);
			path = NetWork;
			sourceTree = "<group>";
		};
		D7167525231D2C2000692347 /* NetWork */ = {
			isa = PBXGroup;
			children = (
				D7072D36231FAF230060D45B /* OZoneNetworkWork.swift */,
				D715AFF62320AC1D003E97DC /* OzoneNetworkError.swift */,
				D7A16E17232A38B50011B121 /* TestHandyJson.swift */,
			);
			path = NetWork;
			sourceTree = "<group>";
		};
		D7167526231D2C2C00692347 /* Others */ = {
			isa = PBXGroup;
			children = (
				D70E7800231DFF9100230DEF /* OZoneNetworkConfig.swift */,
				D70E7802231E00BC00230DEF /* OzoneTestAddress.swift */,
				D70E7804231E08C300230DEF /* OzoneConversion.swift */,
				D70E7806231E08E100230DEF /* ListModel.swift */,
				D749D9BB2329F13500010A1E /* AutionListModel.swift */,
			);
			path = Others;
			sourceTree = "<group>";
		};
		D72A88CB231E4B9600D28C45 /* TimeSelect */ = {
			isa = PBXGroup;
			children = (
				D715C4F0231E79B400DDFC31 /* ic_booked_afternoon_normal@3x.png */,
				D715C4F1231E79B400DDFC31 /* ic_booked_afternoon_select@3x.png */,
				D715C4EE231E79B400DDFC31 /* ic_booked_evening_normal@3x.png */,
				D715C4EF231E79B400DDFC31 /* ic_booked_evening_select@3x.png */,
				D72A88CC231E4BE700D28C45 /* TimeSelectHelper.swift */,
				D72A88CE231E4C0400D28C45 /* TimeDateSource.swift */,
				D72A88D0231E4C2000D28C45 /* MainSelectViewController.swift */,
				D72A88D2231E4C4400D28C45 /* TopCollectionViewCell.swift */,
				D72A88D4231E4C9300D28C45 /* BootomCollectionViewCell.swift */,
			);
			path = TimeSelect;
			sourceTree = "<group>";
		};
		D73AA56C22A11CF9007974A2 /* AudioPlayer */ = {
			isa = PBXGroup;
			children = (
				D73AA56F22A11D6C007974A2 /* AudioPlayTableViewController.swift */,
				D73AA57022A11D6C007974A2 /* AudioPlayTableViewController.xib */,
				D711397122A916D100C8640E /* PlayerMangerDefault.swift */,
			);
			path = AudioPlayer;
			sourceTree = "<group>";
		};
		D73CE5BB23321FD3006A8CAF /* RxSwift */ = {
			isa = PBXGroup;
			children = (
				D73CE5BC23321FF8006A8CAF /* RxSwiftTestViewController.swift */,
			);
			path = RxSwift;
			sourceTree = "<group>";
		};
		D74BFCF222964391001CB749 = {
			isa = PBXGroup;
			children = (
				D74BFCFD22964391001CB749 /* SwiftTestDemo */,
				D74BFD1222964392001CB749 /* SwiftTestDemoTests */,
				D74BFCFC22964391001CB749 /* Products */,
				BA6DAA6A1A2CC1895048528D /* Pods */,
				A92A985CD931B131C013ABF8 /* Frameworks */,
			);
			sourceTree = "<group>";
		};
		D74BFCFC22964391001CB749 /* Products */ = {
			isa = PBXGroup;
			children = (
				D74BFCFB22964391001CB749 /* SwiftTestDemo.app */,
				D74BFD0F22964392001CB749 /* SwiftTestDemoTests.xctest */,
			);
			name = Products;
			sourceTree = "<group>";
		};
		D74BFCFD22964391001CB749 /* SwiftTestDemo */ = {
			isa = PBXGroup;
			children = (
				D71621B6233B6D7A00D4C536 /* 瀑布流 */,
				D73CE5BB23321FD3006A8CAF /* RxSwift */,
				D7072D2F231F95A90060D45B /* runtime */,
				D72A88CB231E4B9600D28C45 /* TimeSelect */,
				D7167522231D2BF300692347 /* NetWork */,
				D7167521231D2ADD00692347 /* OZAlertViewController */,
				D70F1333230FEBA800C4F3BF /* PhotoAlbum */,
				D74BFCFE22964391001CB749 /* AppDelegate.swift */,
				D74BFD0022964391001CB749 /* ViewController.swift */,
				D74BFD0222964391001CB749 /* Main.storyboard */,
				D74BFD32229649BF001CB749 /* FirstItemViewController.swift */,
				D74BFD34229649D4001CB749 /* SecondItemTableViewController.swift */,
				D748D957229D2E17003C2885 /* RandowObject.swift */,
				D73AA56C22A11CF9007974A2 /* AudioPlayer */,
				D74BFD6022965183001CB749 /* AudioSpectrum */,
				D74BFD3622964D77001CB749 /* ThanosSnap */,
				D74BFD0522964392001CB749 /* Assets.xcassets */,
				D74BFD0722964392001CB749 /* LaunchScreen.storyboard */,
				D74BFD0A22964392001CB749 /* Info.plist */,
			);
			path = SwiftTestDemo;
			sourceTree = "<group>";
		};
		D74BFD1222964392001CB749 /* SwiftTestDemoTests */ = {
			isa = PBXGroup;
			children = (
				D74BFD1322964392001CB749 /* SwiftTestDemoTests.swift */,
				D74BFD1522964392001CB749 /* Info.plist */,
			);
			path = SwiftTestDemoTests;
			sourceTree = "<group>";
		};
		D74BFD3622964D77001CB749 /* ThanosSnap */ = {
			isa = PBXGroup;
			children = (
				D74BFD4822964D90001CB749 /* AnimatableSpriteLayer.swift */,
				D74BFD4A22964D90001CB749 /* DustEffectView.swift */,
				D74BFD4922964D90001CB749 /* ThanosGauntlet.swift */,
				D74BFD3722964D88001CB749 /* Sounds */,
				D74BFD4E22964DAB001CB749 /* ThanosSnapViewController.swift */,
			);
			path = ThanosSnap;
			sourceTree = "<group>";
		};
		D74BFD3722964D88001CB749 /* Sounds */ = {
			isa = PBXGroup;
			children = (
				D74BFD50229650C3001CB749 /* thanos_dust_1.mp3 */,
				D74BFD54229650C3001CB749 /* thanos_dust_2.mp3 */,
				D74BFD51229650C3001CB749 /* thanos_dust_3.mp3 */,
				D74BFD52229650C3001CB749 /* thanos_dust_4.mp3 */,
				D74BFD56229650C3001CB749 /* thanos_dust_5.mp3 */,
				D74BFD57229650C3001CB749 /* thanos_dust_6.mp3 */,
				D74BFD53229650C3001CB749 /* thanos_reverse_sound.mp3 */,
				D74BFD55229650C3001CB749 /* thanos_snap_sound.mp3 */,
			);
			path = Sounds;
			sourceTree = "<group>";
		};
		D74BFD6022965183001CB749 /* AudioSpectrum */ = {
			isa = PBXGroup;
			children = (
				D74BFD6F229654B2001CB749 /* Audio */,
				D74BFD672296524E001CB749 /* TrackCell.swift */,
				D74BFD662296524E001CB749 /* SpectrumView.swift */,
				D74BFD682296524E001CB749 /* AudioSpectrumPlayer.swift */,
				D74BFD652296524E001CB749 /* RealtimeAnalyzer.swift */,
				D74BFD61229651B6001CB749 /* AudioSpectrumViewController.swift */,
				D74BFD62229651B6001CB749 /* AudioSpectrumViewController.xib */,
				D74BFD6D22965323001CB749 /* TrackCell.xib */,
			);
			path = AudioSpectrum;
			sourceTree = "<group>";
		};
/* End PBXGroup section */

/* Begin PBXNativeTarget section */
		D74BFCFA22964391001CB749 /* SwiftTestDemo */ = {
			isa = PBXNativeTarget;
			buildConfigurationList = D74BFD2322964392001CB749 /* Build configuration list for PBXNativeTarget "SwiftTestDemo" */;
			buildPhases = (
				DBCD50962BA6419AD05324D5 /* [CP] Check Pods Manifest.lock */,
				D74BFCF722964391001CB749 /* Sources */,
				D74BFCF822964391001CB749 /* Frameworks */,
				D74BFCF922964391001CB749 /* Resources */,
				B372D0380A25FAA465D1D5CB /* [CP] Embed Pods Frameworks */,
			);
			buildRules = (
			);
			dependencies = (
			);
			name = SwiftTestDemo;
			productName = SwiftTestDemo;
			productReference = D74BFCFB22964391001CB749 /* SwiftTestDemo.app */;
			productType = "com.apple.product-type.application";
		};
		D74BFD0E22964392001CB749 /* SwiftTestDemoTests */ = {
			isa = PBXNativeTarget;
			buildConfigurationList = D74BFD2622964392001CB749 /* Build configuration list for PBXNativeTarget "SwiftTestDemoTests" */;
			buildPhases = (
				AFD6EDD83CD9039B5EBB226D /* [CP] Check Pods Manifest.lock */,
				D74BFD0B22964392001CB749 /* Sources */,
				D74BFD0C22964392001CB749 /* Frameworks */,
				D74BFD0D22964392001CB749 /* Resources */,
			);
			buildRules = (
			);
			dependencies = (
				D74BFD1122964392001CB749 /* PBXTargetDependency */,
			);
			name = SwiftTestDemoTests;
			productName = SwiftTestDemoTests;
			productReference = D74BFD0F22964392001CB749 /* SwiftTestDemoTests.xctest */;
			productType = "com.apple.product-type.bundle.unit-test";
		};
/* End PBXNativeTarget section */

/* Begin PBXProject section */
		D74BFCF322964391001CB749 /* Project object */ = {
			isa = PBXProject;
			attributes = {
				LastSwiftUpdateCheck = 1020;
				LastUpgradeCheck = 1020;
				ORGANIZATIONNAME = "ou xuesen";
				TargetAttributes = {
					D74BFCFA22964391001CB749 = {
						CreatedOnToolsVersion = 10.2.1;
						SystemCapabilities = {
							com.apple.BackgroundModes = {
								enabled = 1;
							};
						};
					};
					D74BFD0E22964392001CB749 = {
						CreatedOnToolsVersion = 10.2.1;
						TestTargetID = D74BFCFA22964391001CB749;
					};
				};
			};
			buildConfigurationList = D74BFCF622964391001CB749 /* Build configuration list for PBXProject "SwiftTestDemo" */;
			compatibilityVersion = "Xcode 9.3";
			developmentRegion = en;
			hasScannedForEncodings = 0;
			knownRegions = (
				en,
				Base,
			);
			mainGroup = D74BFCF222964391001CB749;
			productRefGroup = D74BFCFC22964391001CB749 /* Products */;
			projectDirPath = "";
			projectRoot = "";
			targets = (
				D74BFCFA22964391001CB749 /* SwiftTestDemo */,
				D74BFD0E22964392001CB749 /* SwiftTestDemoTests */,
			);
		};
/* End PBXProject section */

/* Begin PBXResourcesBuildPhase section */
		D74BFCF922964391001CB749 /* Resources */ = {
			isa = PBXResourcesBuildPhase;
			buildActionMask = 2147483647;
			files = (
				D70F1340230FED3F00C4F3BF /* image_picker_ensure@2x.png in Resources */,
				D715C4F2231E79B400DDFC31 /* ic_booked_evening_normal@3x.png in Resources */,
				D74BFD5D229650C3001CB749 /* thanos_snap_sound.mp3 in Resources */,
				D74BFD5F229650C3001CB749 /* thanos_dust_6.mp3 in Resources */,
				D74BFD5E229650C3001CB749 /* thanos_dust_5.mp3 in Resources */,
				D74BFD59229650C3001CB749 /* thanos_dust_3.mp3 in Resources */,
				D70F1341230FED3F00C4F3BF /* image_picker_preview@2x.png in Resources */,
				D70F1343230FED3F00C4F3BF /* image_picker_send@2x.png in Resources */,
				D715C4F3231E79B400DDFC31 /* ic_booked_evening_select@3x.png in Resources */,
				D70F1344230FED3F00C4F3BF /* image_picker_preview_light@2x.png in Resources */,
				D74BFD0922964392001CB749 /* LaunchScreen.storyboard in Resources */,
				D74BFD5B229650C3001CB749 /* thanos_reverse_sound.mp3 in Resources */,
				D74BFD0622964392001CB749 /* Assets.xcassets in Resources */,
				D74BFD5C229650C3001CB749 /* thanos_dust_2.mp3 in Resources */,
				D715C4F5231E79B400DDFC31 /* ic_booked_afternoon_select@3x.png in Resources */,
				D74BFD6E22965323001CB749 /* TrackCell.xib in Resources */,
				D70F1342230FED3F00C4F3BF /* image_picker_ensure_light@2x.png in Resources */,
				D74BFD64229651B6001CB749 /* AudioSpectrumViewController.xib in Resources */,
				D74BFD0422964391001CB749 /* Main.storyboard in Resources */,
				D70F133F230FED3F00C4F3BF /* image_picker_send_light@2x.png in Resources */,
				D74BFD70229654B2001CB749 /* Audio in Resources */,
				D70F1348230FF61900C4F3BF /* AlbumDirectoryViewController.xib in Resources */,
				D74BFD5A229650C3001CB749 /* thanos_dust_4.mp3 in Resources */,
				D715C4F4231E79B400DDFC31 /* ic_booked_afternoon_normal@3x.png in Resources */,
				D73AA57222A11D6C007974A2 /* AudioPlayTableViewController.xib in Resources */,
				D74BFD58229650C3001CB749 /* thanos_dust_1.mp3 in Resources */,
				D7072D35231FAD2C0060D45B /* RuntimeViewController.xib in Resources */,
			);
			runOnlyForDeploymentPostprocessing = 0;
		};
		D74BFD0D22964392001CB749 /* Resources */ = {
			isa = PBXResourcesBuildPhase;
			buildActionMask = 2147483647;
			files = (
			);
			runOnlyForDeploymentPostprocessing = 0;
		};
/* End PBXResourcesBuildPhase section */

/* Begin PBXShellScriptBuildPhase section */
		AFD6EDD83CD9039B5EBB226D /* [CP] Check Pods Manifest.lock */ = {
			isa = PBXShellScriptBuildPhase;
			buildActionMask = 2147483647;
			files = (
			);
			inputFileListPaths = (
			);
			inputPaths = (
				"${PODS_PODFILE_DIR_PATH}/Podfile.lock",
				"${PODS_ROOT}/Manifest.lock",
			);
			name = "[CP] Check Pods Manifest.lock";
			outputFileListPaths = (
			);
			outputPaths = (
				"$(DERIVED_FILE_DIR)/Pods-SwiftTestDemoTests-checkManifestLockResult.txt",
			);
			runOnlyForDeploymentPostprocessing = 0;
			shellPath = /bin/sh;
			shellScript = "diff \"${PODS_PODFILE_DIR_PATH}/Podfile.lock\" \"${PODS_ROOT}/Manifest.lock\" > /dev/null\nif [ $? != 0 ] ; then\n    # print error to STDERR\n    echo \"error: The sandbox is not in sync with the Podfile.lock. Run 'pod install' or update your CocoaPods installation.\" >&2\n    exit 1\nfi\n# This output is used by Xcode 'outputs' to avoid re-running this script phase.\necho \"SUCCESS\" > \"${SCRIPT_OUTPUT_FILE_0}\"\n";
			showEnvVarsInLog = 0;
		};
		B372D0380A25FAA465D1D5CB /* [CP] Embed Pods Frameworks */ = {
			isa = PBXShellScriptBuildPhase;
			buildActionMask = 2147483647;
			files = (
			);
			inputFileListPaths = (
				"${PODS_ROOT}/Target Support Files/Pods-SwiftTestDemo/Pods-SwiftTestDemo-frameworks-${CONFIGURATION}-input-files.xcfilelist",
			);
			name = "[CP] Embed Pods Frameworks";
			outputFileListPaths = (
				"${PODS_ROOT}/Target Support Files/Pods-SwiftTestDemo/Pods-SwiftTestDemo-frameworks-${CONFIGURATION}-output-files.xcfilelist",
			);
			runOnlyForDeploymentPostprocessing = 0;
			shellPath = /bin/sh;
			shellScript = "\"${PODS_ROOT}/Target Support Files/Pods-SwiftTestDemo/Pods-SwiftTestDemo-frameworks.sh\"\n";
			showEnvVarsInLog = 0;
		};
		DBCD50962BA6419AD05324D5 /* [CP] Check Pods Manifest.lock */ = {
			isa = PBXShellScriptBuildPhase;
			buildActionMask = 2147483647;
			files = (
			);
			inputFileListPaths = (
			);
			inputPaths = (
				"${PODS_PODFILE_DIR_PATH}/Podfile.lock",
				"${PODS_ROOT}/Manifest.lock",
			);
			name = "[CP] Check Pods Manifest.lock";
			outputFileListPaths = (
			);
			outputPaths = (
				"$(DERIVED_FILE_DIR)/Pods-SwiftTestDemo-checkManifestLockResult.txt",
			);
			runOnlyForDeploymentPostprocessing = 0;
			shellPath = /bin/sh;
			shellScript = "diff \"${PODS_PODFILE_DIR_PATH}/Podfile.lock\" \"${PODS_ROOT}/Manifest.lock\" > /dev/null\nif [ $? != 0 ] ; then\n    # print error to STDERR\n    echo \"error: The sandbox is not in sync with the Podfile.lock. Run 'pod install' or update your CocoaPods installation.\" >&2\n    exit 1\nfi\n# This output is used by Xcode 'outputs' to avoid re-running this script phase.\necho \"SUCCESS\" > \"${SCRIPT_OUTPUT_FILE_0}\"\n";
			showEnvVarsInLog = 0;
		};
/* End PBXShellScriptBuildPhase section */

/* Begin PBXSourcesBuildPhase section */
		D74BFCF722964391001CB749 /* Sources */ = {
			isa = PBXSourcesBuildPhase;
			buildActionMask = 2147483647;
			files = (
				D711397222A916D100C8640E /* PlayerMangerDefault.swift in Sources */,
				D74BFD692296524E001CB749 /* RealtimeAnalyzer.swift in Sources */,
				D70F1335230FEC0900C4F3BF /* OZoneSouceRuter.swift in Sources */,
				D7018C242313DFEF0042D542 /* OZOneAbumViewController.swift in Sources */,
				D7072D34231FAD2C0060D45B /* RuntimeViewController.swift in Sources */,
				D70E7803231E00BC00230DEF /* OzoneTestAddress.swift in Sources */,
				D71621BA233B6D9B00D4C536 /* UniteViews.swift in Sources */,
				D7838B8C2317C26200E5FEB8 /* OzoneItem.swift in Sources */,
				D74BFD4C22964D90001CB749 /* ThanosGauntlet.swift in Sources */,
				D70F1347230FF61900C4F3BF /* AlbumDirectoryViewController.swift in Sources */,
				D74BFD4B22964D90001CB749 /* AnimatableSpriteLayer.swift in Sources */,
				D748D958229D2E17003C2885 /* RandowObject.swift in Sources */,
				D747DEE92314C8B200117ECD /* ShowDetailAbumViewController.swift in Sources */,
				D70E7807231E08E100230DEF /* ListModel.swift in Sources */,
				D7167524231D2C1C00692347 /* NetWorkModelViewController.swift in Sources */,
				D74BFD6A2296524E001CB749 /* SpectrumView.swift in Sources */,
				D749D9BC2329F13500010A1E /* AutionListModel.swift in Sources */,
				D71621BB233B6D9B00D4C536 /* MyFlowLayout.swift in Sources */,
				D7072D31231F95B60060D45B /* Person.swift in Sources */,
				D74BFD4D22964D90001CB749 /* DustEffectView.swift in Sources */,
				D7072D37231FAF230060D45B /* OZoneNetworkWork.swift in Sources */,
				D72A88D5231E4C9300D28C45 /* BootomCollectionViewCell.swift in Sources */,
				D73AA57122A11D6C007974A2 /* AudioPlayTableViewController.swift in Sources */,
				D71621BC233B6D9B00D4C536 /* MyView.swift in Sources */,
				D7A16E18232A38B50011B121 /* TestHandyJson.swift in Sources */,
				D72A88D3231E4C4400D28C45 /* TopCollectionViewCell.swift in Sources */,
				D7838B8A2317ADDB00E5FEB8 /* ShowDetailCollectionViewCell.swift in Sources */,
				D73CE5BD23321FF8006A8CAF /* RxSwiftTestViewController.swift in Sources */,
				D74BFD35229649D4001CB749 /* SecondItemTableViewController.swift in Sources */,
				D74BFD0122964391001CB749 /* ViewController.swift in Sources */,
				D72A88D1231E4C2000D28C45 /* MainSelectViewController.swift in Sources */,
				D74BFCFF22964391001CB749 /* AppDelegate.swift in Sources */,
				D7018C262313E0B70042D542 /* OzoneImageCollectionViewCell.swift in Sources */,
				D74BFD63229651B6001CB749 /* AudioSpectrumViewController.swift in Sources */,
				D72A88CD231E4BE700D28C45 /* TimeSelectHelper.swift in Sources */,
				D70E7805231E08C300230DEF /* OzoneConversion.swift in Sources */,
				D715AFF72320AC1D003E97DC /* OzoneNetworkError.swift in Sources */,
				D74BFD6C2296524E001CB749 /* AudioSpectrumPlayer.swift in Sources */,
				D70E7801231DFF9100230DEF /* OZoneNetworkConfig.swift in Sources */,
				D74BFD33229649BF001CB749 /* FirstItemViewController.swift in Sources */,
				D74BFD4F22964DAB001CB749 /* ThanosSnapViewController.swift in Sources */,
				D74BFD6B2296524E001CB749 /* TrackCell.swift in Sources */,
				D72A88CF231E4C0400D28C45 /* TimeDateSource.swift in Sources */,
			);
			runOnlyForDeploymentPostprocessing = 0;
		};
		D74BFD0B22964392001CB749 /* Sources */ = {
			isa = PBXSourcesBuildPhase;
			buildActionMask = 2147483647;
			files = (
				D74BFD1422964392001CB749 /* SwiftTestDemoTests.swift in Sources */,
			);
			runOnlyForDeploymentPostprocessing = 0;
		};
/* End PBXSourcesBuildPhase section */

/* Begin PBXTargetDependency section */
		D74BFD1122964392001CB749 /* PBXTargetDependency */ = {
			isa = PBXTargetDependency;
			target = D74BFCFA22964391001CB749 /* SwiftTestDemo */;
			targetProxy = D74BFD1022964392001CB749 /* PBXContainerItemProxy */;
		};
/* End PBXTargetDependency section */

/* Begin PBXVariantGroup section */
		D74BFD0222964391001CB749 /* Main.storyboard */ = {
			isa = PBXVariantGroup;
			children = (
				D74BFD0322964391001CB749 /* Base */,
			);
			name = Main.storyboard;
			sourceTree = "<group>";
		};
		D74BFD0722964392001CB749 /* LaunchScreen.storyboard */ = {
			isa = PBXVariantGroup;
			children = (
				D74BFD0822964392001CB749 /* Base */,
			);
			name = LaunchScreen.storyboard;
			sourceTree = "<group>";
		};
/* End PBXVariantGroup section */

/* Begin XCBuildConfiguration section */
		D74BFD2122964392001CB749 /* Debug */ = {
			isa = XCBuildConfiguration;
			buildSettings = {
				ALWAYS_SEARCH_USER_PATHS = NO;
				CLANG_ANALYZER_NONNULL = YES;
				CLANG_ANALYZER_NUMBER_OBJECT_CONVERSION = YES_AGGRESSIVE;
				CLANG_CXX_LANGUAGE_STANDARD = "gnu++14";
				CLANG_CXX_LIBRARY = "libc++";
				CLANG_ENABLE_MODULES = YES;
				CLANG_ENABLE_OBJC_ARC = YES;
				CLANG_ENABLE_OBJC_WEAK = YES;
				CLANG_WARN_BLOCK_CAPTURE_AUTORELEASING = YES;
				CLANG_WARN_BOOL_CONVERSION = YES;
				CLANG_WARN_COMMA = YES;
				CLANG_WARN_CONSTANT_CONVERSION = YES;
				CLANG_WARN_DEPRECATED_OBJC_IMPLEMENTATIONS = YES;
				CLANG_WARN_DIRECT_OBJC_ISA_USAGE = YES_ERROR;
				CLANG_WARN_DOCUMENTATION_COMMENTS = YES;
				CLANG_WARN_EMPTY_BODY = YES;
				CLANG_WARN_ENUM_CONVERSION = YES;
				CLANG_WARN_INFINITE_RECURSION = YES;
				CLANG_WARN_INT_CONVERSION = YES;
				CLANG_WARN_NON_LITERAL_NULL_CONVERSION = YES;
				CLANG_WARN_OBJC_IMPLICIT_RETAIN_SELF = YES;
				CLANG_WARN_OBJC_LITERAL_CONVERSION = YES;
				CLANG_WARN_OBJC_ROOT_CLASS = YES_ERROR;
				CLANG_WARN_RANGE_LOOP_ANALYSIS = YES;
				CLANG_WARN_STRICT_PROTOTYPES = YES;
				CLANG_WARN_SUSPICIOUS_MOVE = YES;
				CLANG_WARN_UNGUARDED_AVAILABILITY = YES_AGGRESSIVE;
				CLANG_WARN_UNREACHABLE_CODE = YES;
				CLANG_WARN__DUPLICATE_METHOD_MATCH = YES;
				CODE_SIGN_IDENTITY = "iPhone Developer";
				COPY_PHASE_STRIP = NO;
				DEBUG_INFORMATION_FORMAT = dwarf;
				ENABLE_STRICT_OBJC_MSGSEND = YES;
				ENABLE_TESTABILITY = YES;
				GCC_C_LANGUAGE_STANDARD = gnu11;
				GCC_DYNAMIC_NO_PIC = NO;
				GCC_NO_COMMON_BLOCKS = YES;
				GCC_OPTIMIZATION_LEVEL = 0;
				GCC_PREPROCESSOR_DEFINITIONS = (
					"DEBUG=1",
					"$(inherited)",
				);
				GCC_WARN_64_TO_32_BIT_CONVERSION = YES;
				GCC_WARN_ABOUT_RETURN_TYPE = YES_ERROR;
				GCC_WARN_UNDECLARED_SELECTOR = YES;
				GCC_WARN_UNINITIALIZED_AUTOS = YES_AGGRESSIVE;
				GCC_WARN_UNUSED_FUNCTION = YES;
				GCC_WARN_UNUSED_VARIABLE = YES;
				IPHONEOS_DEPLOYMENT_TARGET = 12.2;
				MTL_ENABLE_DEBUG_INFO = INCLUDE_SOURCE;
				MTL_FAST_MATH = YES;
				ONLY_ACTIVE_ARCH = YES;
				SDKROOT = iphoneos;
				SWIFT_ACTIVE_COMPILATION_CONDITIONS = DEBUG;
				SWIFT_OPTIMIZATION_LEVEL = "-Onone";
			};
			name = Debug;
		};
		D74BFD2222964392001CB749 /* Release */ = {
			isa = XCBuildConfiguration;
			buildSettings = {
				ALWAYS_SEARCH_USER_PATHS = NO;
				CLANG_ANALYZER_NONNULL = YES;
				CLANG_ANALYZER_NUMBER_OBJECT_CONVERSION = YES_AGGRESSIVE;
				CLANG_CXX_LANGUAGE_STANDARD = "gnu++14";
				CLANG_CXX_LIBRARY = "libc++";
				CLANG_ENABLE_MODULES = YES;
				CLANG_ENABLE_OBJC_ARC = YES;
				CLANG_ENABLE_OBJC_WEAK = YES;
				CLANG_WARN_BLOCK_CAPTURE_AUTORELEASING = YES;
				CLANG_WARN_BOOL_CONVERSION = YES;
				CLANG_WARN_COMMA = YES;
				CLANG_WARN_CONSTANT_CONVERSION = YES;
				CLANG_WARN_DEPRECATED_OBJC_IMPLEMENTATIONS = YES;
				CLANG_WARN_DIRECT_OBJC_ISA_USAGE = YES_ERROR;
				CLANG_WARN_DOCUMENTATION_COMMENTS = YES;
				CLANG_WARN_EMPTY_BODY = YES;
				CLANG_WARN_ENUM_CONVERSION = YES;
				CLANG_WARN_INFINITE_RECURSION = YES;
				CLANG_WARN_INT_CONVERSION = YES;
				CLANG_WARN_NON_LITERAL_NULL_CONVERSION = YES;
				CLANG_WARN_OBJC_IMPLICIT_RETAIN_SELF = YES;
				CLANG_WARN_OBJC_LITERAL_CONVERSION = YES;
				CLANG_WARN_OBJC_ROOT_CLASS = YES_ERROR;
				CLANG_WARN_RANGE_LOOP_ANALYSIS = YES;
				CLANG_WARN_STRICT_PROTOTYPES = YES;
				CLANG_WARN_SUSPICIOUS_MOVE = YES;
				CLANG_WARN_UNGUARDED_AVAILABILITY = YES_AGGRESSIVE;
				CLANG_WARN_UNREACHABLE_CODE = YES;
				CLANG_WARN__DUPLICATE_METHOD_MATCH = YES;
				CODE_SIGN_IDENTITY = "iPhone Developer";
				COPY_PHASE_STRIP = NO;
				DEBUG_INFORMATION_FORMAT = "dwarf-with-dsym";
				ENABLE_NS_ASSERTIONS = NO;
				ENABLE_STRICT_OBJC_MSGSEND = YES;
				GCC_C_LANGUAGE_STANDARD = gnu11;
				GCC_NO_COMMON_BLOCKS = YES;
				GCC_WARN_64_TO_32_BIT_CONVERSION = YES;
				GCC_WARN_ABOUT_RETURN_TYPE = YES_ERROR;
				GCC_WARN_UNDECLARED_SELECTOR = YES;
				GCC_WARN_UNINITIALIZED_AUTOS = YES_AGGRESSIVE;
				GCC_WARN_UNUSED_FUNCTION = YES;
				GCC_WARN_UNUSED_VARIABLE = YES;
				IPHONEOS_DEPLOYMENT_TARGET = 12.2;
				MTL_ENABLE_DEBUG_INFO = NO;
				MTL_FAST_MATH = YES;
				SDKROOT = iphoneos;
				SWIFT_COMPILATION_MODE = wholemodule;
				SWIFT_OPTIMIZATION_LEVEL = "-O";
				VALIDATE_PRODUCT = YES;
			};
			name = Release;
		};
		D74BFD2422964392001CB749 /* Debug */ = {
			isa = XCBuildConfiguration;
			baseConfigurationReference = 94A3A5797B231B34C40208D7 /* Pods-SwiftTestDemo.debug.xcconfig */;
			buildSettings = {
				ASSETCATALOG_COMPILER_APPICON_NAME = AppIcon;
				CODE_SIGN_STYLE = Automatic;
				DEVELOPMENT_TEAM = S7MMK4N5Y7;
				INFOPLIST_FILE = SwiftTestDemo/Info.plist;
				IPHONEOS_DEPLOYMENT_TARGET = 10.0;
				LD_RUNPATH_SEARCH_PATHS = (
					"$(inherited)",
					"@executable_path/Frameworks",
				);
				PRODUCT_BUNDLE_IDENTIFIER = com.lexislive.SwiftTestDemo;
				PRODUCT_NAME = "$(TARGET_NAME)";
				SWIFT_VERSION = 5.0;
				TARGETED_DEVICE_FAMILY = "1,2";
			};
			name = Debug;
		};
		D74BFD2522964392001CB749 /* Release */ = {
			isa = XCBuildConfiguration;
			baseConfigurationReference = 3FA99D13EEFECB77F0E6D8A2 /* Pods-SwiftTestDemo.release.xcconfig */;
			buildSettings = {
				ASSETCATALOG_COMPILER_APPICON_NAME = AppIcon;
				CODE_SIGN_STYLE = Automatic;
				DEVELOPMENT_TEAM = S7MMK4N5Y7;
				INFOPLIST_FILE = SwiftTestDemo/Info.plist;
				IPHONEOS_DEPLOYMENT_TARGET = 10.0;
				LD_RUNPATH_SEARCH_PATHS = (
					"$(inherited)",
					"@executable_path/Frameworks",
				);
				PRODUCT_BUNDLE_IDENTIFIER = com.lexislive.SwiftTestDemo;
				PRODUCT_NAME = "$(TARGET_NAME)";
				SWIFT_VERSION = 5.0;
				TARGETED_DEVICE_FAMILY = "1,2";
			};
			name = Release;
		};
		D74BFD2722964392001CB749 /* Debug */ = {
			isa = XCBuildConfiguration;
			baseConfigurationReference = 688ECC08F109DAC2FE63BD5F /* Pods-SwiftTestDemoTests.debug.xcconfig */;
			buildSettings = {
				ALWAYS_EMBED_SWIFT_STANDARD_LIBRARIES = YES;
				BUNDLE_LOADER = "$(TEST_HOST)";
				CODE_SIGN_STYLE = Automatic;
				DEVELOPMENT_TEAM = S7MMK4N5Y7;
				INFOPLIST_FILE = SwiftTestDemoTests/Info.plist;
				LD_RUNPATH_SEARCH_PATHS = (
					"$(inherited)",
					"@executable_path/Frameworks",
					"@loader_path/Frameworks",
				);
				PRODUCT_BUNDLE_IDENTIFIER = com.lexislive.SwiftTestDemoTests;
				PRODUCT_NAME = "$(TARGET_NAME)";
				SWIFT_VERSION = 5.0;
				TARGETED_DEVICE_FAMILY = "1,2";
				TEST_HOST = "$(BUILT_PRODUCTS_DIR)/SwiftTestDemo.app/SwiftTestDemo";
			};
			name = Debug;
		};
		D74BFD2822964392001CB749 /* Release */ = {
			isa = XCBuildConfiguration;
			baseConfigurationReference = 8EA3E71FDF9E57789A4AE4A9 /* Pods-SwiftTestDemoTests.release.xcconfig */;
			buildSettings = {
				ALWAYS_EMBED_SWIFT_STANDARD_LIBRARIES = YES;
				BUNDLE_LOADER = "$(TEST_HOST)";
				CODE_SIGN_STYLE = Automatic;
				DEVELOPMENT_TEAM = S7MMK4N5Y7;
				INFOPLIST_FILE = SwiftTestDemoTests/Info.plist;
				LD_RUNPATH_SEARCH_PATHS = (
					"$(inherited)",
					"@executable_path/Frameworks",
					"@loader_path/Frameworks",
				);
				PRODUCT_BUNDLE_IDENTIFIER = com.lexislive.SwiftTestDemoTests;
				PRODUCT_NAME = "$(TARGET_NAME)";
				SWIFT_VERSION = 5.0;
				TARGETED_DEVICE_FAMILY = "1,2";
				TEST_HOST = "$(BUILT_PRODUCTS_DIR)/SwiftTestDemo.app/SwiftTestDemo";
			};
			name = Release;
		};
/* End XCBuildConfiguration section */

/* Begin XCConfigurationList section */
		D74BFCF622964391001CB749 /* Build configuration list for PBXProject "SwiftTestDemo" */ = {
			isa = XCConfigurationList;
			buildConfigurations = (
				D74BFD2122964392001CB749 /* Debug */,
				D74BFD2222964392001CB749 /* Release */,
			);
			defaultConfigurationIsVisible = 0;
			defaultConfigurationName = Release;
		};
		D74BFD2322964392001CB749 /* Build configuration list for PBXNativeTarget "SwiftTestDemo" */ = {
			isa = XCConfigurationList;
			buildConfigurations = (
				D74BFD2422964392001CB749 /* Debug */,
				D74BFD2522964392001CB749 /* Release */,
			);
			defaultConfigurationIsVisible = 0;
			defaultConfigurationName = Release;
		};
		D74BFD2622964392001CB749 /* Build configuration list for PBXNativeTarget "SwiftTestDemoTests" */ = {
			isa = XCConfigurationList;
			buildConfigurations = (
				D74BFD2722964392001CB749 /* Debug */,
				D74BFD2822964392001CB749 /* Release */,
			);
			defaultConfigurationIsVisible = 0;
			defaultConfigurationName = Release;
		};
/* End XCConfigurationList section */
	};
	rootObject = D74BFCF322964391001CB749 /* Project object */;
}
